
Microsoft Visual Studio Solution File, Format Version 12.00
# Visual Studio Version 16
VisualStudioVersion = 16.0.29009.5
MinimumVisualStudioVersion = 10.0.40219.1
Project("{8BC9CEB8-8B4A-11D0-8D11-00A0C91BC942}") = "HDRImageViewer", "HDRImageViewer\HDRImageViewer.vcxproj", "{3B235A3E-4663-54CF-9A96-F76899ADE1F2}"
EndProject
Project("{8BC9CEB8-8B4A-11D0-8D11-00A0C91BC942}") = "UnitTests", "UnitTests\UnitTests.vcxproj", "{36D84A0A-18FB-43B0-9E44-0F1E252E7057}"
	ProjectSection(ProjectDependencies) = postProject
		{3B235A3E-4663-54CF-9A96-F76899ADE1F2} = {3B235A3E-4663-54CF-9A96-F76899ADE1F2}
	EndProjectSection
EndProject
Project("{8BC9CEB8-8B4A-11D0-8D11-00A0C91BC942}") = "DXRenderer", "DXRenderer\DXRenderer.vcxproj", "{C2D1F457-8781-42CA-9DB7-0F8BFCA84AC4}"
EndProject
Global
	GlobalSection(SolutionConfigurationPlatforms) = preSolution
		Debug|ARM = Debug|ARM
		Debug|ARM64 = Debug|ARM64
		Debug|x64 = Debug|x64
		Debug|x86 = Debug|x86
		Release|ARM = Release|ARM
		Release|ARM64 = Release|ARM64
		Release|x64 = Release|x64
		Release|x86 = Release|x86
	EndGlobalSection
	GlobalSection(ProjectConfigurationPlatforms) = postSolution
		{3B235A3E-4663-54CF-9A96-F76899ADE1F2}.Debug|ARM.ActiveCfg = Debug|ARM
		{3B235A3E-4663-54CF-9A96-F76899ADE1F2}.Debug|ARM.Build.0 = Debug|ARM
		{3B235A3E-4663-54CF-9A96-F76899ADE1F2}.Debug|ARM.Deploy.0 = Debug|ARM
		{3B235A3E-4663-54CF-9A96-F76899ADE1F2}.Debug|ARM64.ActiveCfg = Debug|Win32
		{3B235A3E-4663-54CF-9A96-F76899ADE1F2}.Debug|x64.ActiveCfg = Debug|x64
		{3B235A3E-4663-54CF-9A96-F76899ADE1F2}.Debug|x64.Build.0 = Debug|x64
		{3B235A3E-4663-54CF-9A96-F76899ADE1F2}.Debug|x64.Deploy.0 = Debug|x64
		{3B235A3E-4663-54CF-9A96-F76899ADE1F2}.Debug|x86.ActiveCfg = Debug|Win32
		{3B235A3E-4663-54CF-9A96-F76899ADE1F2}.Debug|x86.Build.0 = Debug|Win32
		{3B235A3E-4663-54CF-9A96-F76899ADE1F2}.Debug|x86.Deploy.0 = Debug|Win32
		{3B235A3E-4663-54CF-9A96-F76899ADE1F2}.Release|ARM.ActiveCfg = Release|ARM
		{3B235A3E-4663-54CF-9A96-F76899ADE1F2}.Release|ARM.Build.0 = Release|ARM
		{3B235A3E-4663-54CF-9A96-F76899ADE1F2}.Release|ARM.Deploy.0 = Release|ARM
		{3B235A3E-4663-54CF-9A96-F76899ADE1F2}.Release|ARM64.ActiveCfg = Release|Win32
		{3B235A3E-4663-54CF-9A96-F76899ADE1F2}.Release|x64.ActiveCfg = Release|x64
		{3B235A3E-4663-54CF-9A96-F76899ADE1F2}.Release|x64.Build.0 = Release|x64
		{3B235A3E-4663-54CF-9A96-F76899ADE1F2}.Release|x64.Deploy.0 = Release|x64
		{3B235A3E-4663-54CF-9A96-F76899ADE1F2}.Release|x86.ActiveCfg = Release|Win32
		{3B235A3E-4663-54CF-9A96-F76899ADE1F2}.Release|x86.Build.0 = Release|Win32
		{3B235A3E-4663-54CF-9A96-F76899ADE1F2}.Release|x86.Deploy.0 = Release|Win32
		{36D84A0A-18FB-43B0-9E44-0F1E252E7057}.Debug|ARM.ActiveCfg = Debug|ARM
		{36D84A0A-18FB-43B0-9E44-0F1E252E7057}.Debug|ARM.Build.0 = Debug|ARM
		{36D84A0A-18FB-43B0-9E44-0F1E252E7057}.Debug|ARM.Deploy.0 = Debug|ARM
		{36D84A0A-18FB-43B0-9E44-0F1E252E7057}.Debug|ARM64.ActiveCfg = Debug|Win32
		{36D84A0A-18FB-43B0-9E44-0F1E252E7057}.Debug|x64.ActiveCfg = Debug|x64
		{36D84A0A-18FB-43B0-9E44-0F1E252E7057}.Debug|x64.Build.0 = Debug|x64
		{36D84A0A-18FB-43B0-9E44-0F1E252E7057}.Debug|x64.Deploy.0 = Debug|x64
		{36D84A0A-18FB-43B0-9E44-0F1E252E7057}.Debug|x86.ActiveCfg = Debug|Win32
		{36D84A0A-18FB-43B0-9E44-0F1E252E7057}.Debug|x86.Build.0 = Debug|Win32
		{36D84A0A-18FB-43B0-9E44-0F1E252E7057}.Debug|x86.Deploy.0 = Debug|Win32
		{36D84A0A-18FB-43B0-9E44-0F1E252E7057}.Release|ARM.ActiveCfg = Release|ARM
		{36D84A0A-18FB-43B0-9E44-0F1E252E7057}.Release|ARM.Build.0 = Release|ARM
		{36D84A0A-18FB-43B0-9E44-0F1E252E7057}.Release|ARM.Deploy.0 = Release|ARM
		{36D84A0A-18FB-43B0-9E44-0F1E252E7057}.Release|ARM64.ActiveCfg = Release|Win32
		{36D84A0A-18FB-43B0-9E44-0F1E252E7057}.Release|x64.ActiveCfg = Release|x64
		{36D84A0A-18FB-43B0-9E44-0F1E252E7057}.Release|x64.Build.0 = Release|x64
		{36D84A0A-18FB-43B0-9E44-0F1E252E7057}.Release|x64.Deploy.0 = Release|x64
		{36D84A0A-18FB-43B0-9E44-0F1E252E7057}.Release|x86.ActiveCfg = Release|Win32
		{36D84A0A-18FB-43B0-9E44-0F1E252E7057}.Release|x86.Build.0 = Release|Win32
		{36D84A0A-18FB-43B0-9E44-0F1E252E7057}.Release|x86.Deploy.0 = Release|Win32
		{C2D1F457-8781-42CA-9DB7-0F8BFCA84AC4}.Debug|ARM.ActiveCfg = Debug|ARM
		{C2D1F457-8781-42CA-9DB7-0F8BFCA84AC4}.Debug|ARM.Build.0 = Debug|ARM
		{C2D1F457-8781-42CA-9DB7-0F8BFCA84AC4}.Debug|ARM64.ActiveCfg = Debug|ARM64
		{C2D1F457-8781-42CA-9DB7-0F8BFCA84AC4}.Debug|ARM64.Build.0 = Debug|ARM64
		{C2D1F457-8781-42CA-9DB7-0F8BFCA84AC4}.Debug|x64.ActiveCfg = Debug|x64
		{C2D1F457-8781-42CA-9DB7-0F8BFCA84AC4}.Debug|x64.Build.0 = Debug|x64
		{C2D1F457-8781-42CA-9DB7-0F8BFCA84AC4}.Debug|x86.ActiveCfg = Debug|Win32
		{C2D1F457-8781-42CA-9DB7-0F8BFCA84AC4}.Debug|x86.Build.0 = Debug|Win32
		{C2D1F457-8781-42CA-9DB7-0F8BFCA84AC4}.Release|ARM.ActiveCfg = Release|ARM
		{C2D1F457-8781-42CA-9DB7-0F8BFCA84AC4}.Release|ARM.Build.0 = Release|ARM
		{C2D1F457-8781-42CA-9DB7-0F8BFCA84AC4}.Release|ARM64.ActiveCfg = Release|ARM64
		{C2D1F457-8781-42CA-9DB7-0F8BFCA84AC4}.Release|ARM64.Build.0 = Release|ARM64
		{C2D1F457-8781-42CA-9DB7-0F8BFCA84AC4}.Release|x64.ActiveCfg = Release|x64
		{C2D1F457-8781-42CA-9DB7-0F8BFCA84AC4}.Release|x64.Build.0 = Release|x64
		{C2D1F457-8781-42CA-9DB7-0F8BFCA84AC4}.Release|x86.ActiveCfg = Release|Win32
		{C2D1F457-8781-42CA-9DB7-0F8BFCA84AC4}.Release|x86.Build.0 = Release|Win32
	EndGlobalSection
	GlobalSection(SolutionProperties) = preSolution
		HideSolutionNode = FALSE
	EndGlobalSection
	GlobalSection(ExtensibilityGlobals) = postSolution
		SolutionGuid = {6FBFD978-B7DA-42D2-9370-26EE65902A57}
	EndGlobalSection
EndGlobal
