
Microsoft Visual Studio Solution File, Format Version 12.00
# Visual Studio Version 17
VisualStudioVersion = 17.0.32014.148
MinimumVisualStudioVersion = 10.0.40219.1
Project("{FAE04EC0-301F-11D3-BF4B-00C04F79EFBC}") = "HDRImageViewerCS", "HDRImageViewerCS\HDRImageViewerCS.csproj", "{D30E31C0-CE8D-4C76-B04D-1ADA212743BD}"
EndProject
Project("{8BC9CEB8-8B4A-11D0-8D11-00A0C91BC942}") = "UnitTests", "UnitTests\UnitTests.vcxproj", "{36D84A0A-18FB-43B0-9E44-0F1E252E7057}"
EndProject
Project("{8BC9CEB8-8B4A-11D0-8D11-00A0C91BC942}") = "DXRenderer", "DXRenderer\DXRenderer.vcxproj", "{C2D1F457-8781-42CA-9DB7-0F8BFCA84AC4}"
EndProject
Project("{FAE04EC0-301F-11D3-BF4B-00C04F79EFBC}") = "AppTests", "AppTests\AppTests.csproj", "{EAF53B1A-99A0-4FBA-830C-F9DE2749E6DA}"
EndProject
Project("{8BC9CEB8-8B4A-11D0-8D11-00A0C91BC942}") = "HeifUtil", "HeifUtil\HeifUtil.vcxproj", "{6D2AC860-CCEC-4F49-8FC4-F2B01251B8AC}"
EndProject
Global
	GlobalSection(SolutionConfigurationPlatforms) = preSolution
		Debug|ARM64 = Debug|ARM64
		Debug|x64 = Debug|x64
		Release|ARM64 = Release|ARM64
		Release|x64 = Release|x64
	EndGlobalSection
	GlobalSection(ProjectConfigurationPlatforms) = postSolution
		{D30E31C0-CE8D-4C76-B04D-1ADA212743BD}.Debug|ARM64.ActiveCfg = Debug|ARM64
		{D30E31C0-CE8D-4C76-B04D-1ADA212743BD}.Debug|ARM64.Build.0 = Debug|ARM64
		{D30E31C0-CE8D-4C76-B04D-1ADA212743BD}.Debug|ARM64.Deploy.0 = Debug|ARM64
		{D30E31C0-CE8D-4C76-B04D-1ADA212743BD}.Debug|x64.ActiveCfg = Debug|x64
		{D30E31C0-CE8D-4C76-B04D-1ADA212743BD}.Debug|x64.Build.0 = Debug|x64
		{D30E31C0-CE8D-4C76-B04D-1ADA212743BD}.Debug|x64.Deploy.0 = Debug|x64
		{D30E31C0-CE8D-4C76-B04D-1ADA212743BD}.Release|ARM64.ActiveCfg = Release|ARM64
		{D30E31C0-CE8D-4C76-B04D-1ADA212743BD}.Release|ARM64.Build.0 = Release|ARM64
		{D30E31C0-CE8D-4C76-B04D-1ADA212743BD}.Release|ARM64.Deploy.0 = Release|ARM64
		{D30E31C0-CE8D-4C76-B04D-1ADA212743BD}.Release|x64.ActiveCfg = Release|x64
		{D30E31C0-CE8D-4C76-B04D-1ADA212743BD}.Release|x64.Build.0 = Release|x64
		{D30E31C0-CE8D-4C76-B04D-1ADA212743BD}.Release|x64.Deploy.0 = Release|x64
		{36D84A0A-18FB-43B0-9E44-0F1E252E7057}.Debug|ARM64.ActiveCfg = Debug|x64
		{36D84A0A-18FB-43B0-9E44-0F1E252E7057}.Debug|x64.ActiveCfg = Debug|x64
		{36D84A0A-18FB-43B0-9E44-0F1E252E7057}.Debug|x64.Build.0 = Debug|x64
		{36D84A0A-18FB-43B0-9E44-0F1E252E7057}.Debug|x64.Deploy.0 = Debug|x64
		{36D84A0A-18FB-43B0-9E44-0F1E252E7057}.Release|ARM64.ActiveCfg = Release|x64
		{36D84A0A-18FB-43B0-9E44-0F1E252E7057}.Release|x64.ActiveCfg = Release|x64
		{36D84A0A-18FB-43B0-9E44-0F1E252E7057}.Release|x64.Build.0 = Release|x64
		{36D84A0A-18FB-43B0-9E44-0F1E252E7057}.Release|x64.Deploy.0 = Release|x64
		{C2D1F457-8781-42CA-9DB7-0F8BFCA84AC4}.Debug|ARM64.ActiveCfg = Debug|ARM64
		{C2D1F457-8781-42CA-9DB7-0F8BFCA84AC4}.Debug|ARM64.Build.0 = Debug|ARM64
		{C2D1F457-8781-42CA-9DB7-0F8BFCA84AC4}.Debug|x64.ActiveCfg = Debug|x64
		{C2D1F457-8781-42CA-9DB7-0F8BFCA84AC4}.Debug|x64.Build.0 = Debug|x64
		{C2D1F457-8781-42CA-9DB7-0F8BFCA84AC4}.Release|ARM64.ActiveCfg = Release|ARM64
		{C2D1F457-8781-42CA-9DB7-0F8BFCA84AC4}.Release|ARM64.Build.0 = Release|ARM64
		{C2D1F457-8781-42CA-9DB7-0F8BFCA84AC4}.Release|x64.ActiveCfg = Release|x64
		{C2D1F457-8781-42CA-9DB7-0F8BFCA84AC4}.Release|x64.Build.0 = Release|x64
		{EAF53B1A-99A0-4FBA-830C-F9DE2749E6DA}.Debug|ARM64.ActiveCfg = Debug|ARM64
		{EAF53B1A-99A0-4FBA-830C-F9DE2749E6DA}.Debug|ARM64.Build.0 = Debug|ARM64
		{EAF53B1A-99A0-4FBA-830C-F9DE2749E6DA}.Debug|ARM64.Deploy.0 = Debug|ARM64
		{EAF53B1A-99A0-4FBA-830C-F9DE2749E6DA}.Debug|x64.ActiveCfg = Debug|x64
		{EAF53B1A-99A0-4FBA-830C-F9DE2749E6DA}.Debug|x64.Build.0 = Debug|x64
		{EAF53B1A-99A0-4FBA-830C-F9DE2749E6DA}.Debug|x64.Deploy.0 = Debug|x64
		{EAF53B1A-99A0-4FBA-830C-F9DE2749E6DA}.Release|ARM64.ActiveCfg = Release|ARM64
		{EAF53B1A-99A0-4FBA-830C-F9DE2749E6DA}.Release|ARM64.Build.0 = Release|ARM64
		{EAF53B1A-99A0-4FBA-830C-F9DE2749E6DA}.Release|ARM64.Deploy.0 = Release|ARM64
		{EAF53B1A-99A0-4FBA-830C-F9DE2749E6DA}.Release|x64.ActiveCfg = Release|x64
		{EAF53B1A-99A0-4FBA-830C-F9DE2749E6DA}.Release|x64.Build.0 = Release|x64
		{EAF53B1A-99A0-4FBA-830C-F9DE2749E6DA}.Release|x64.Deploy.0 = Release|x64
		{6D2AC860-CCEC-4F49-8FC4-F2B01251B8AC}.Debug|ARM64.ActiveCfg = Debug|x64
		{6D2AC860-CCEC-4F49-8FC4-F2B01251B8AC}.Debug|x64.ActiveCfg = Debug|x64
		{6D2AC860-CCEC-4F49-8FC4-F2B01251B8AC}.Debug|x64.Build.0 = Debug|x64
		{6D2AC860-CCEC-4F49-8FC4-F2B01251B8AC}.Release|ARM64.ActiveCfg = Release|x64
		{6D2AC860-CCEC-4F49-8FC4-F2B01251B8AC}.Release|x64.ActiveCfg = Release|x64
		{6D2AC860-CCEC-4F49-8FC4-F2B01251B8AC}.Release|x64.Build.0 = Release|x64
	EndGlobalSection
	GlobalSection(SolutionProperties) = preSolution
		HideSolutionNode = FALSE
	EndGlobalSection
	GlobalSection(ExtensibilityGlobals) = postSolution
		SolutionGuid = {6FBFD978-B7DA-42D2-9370-26EE65902A57}
	EndGlobalSection
EndGlobal
