<?xml version="1.0" encoding="utf-8"?>
<Project ToolsVersion="4.0" xmlns="http://schemas.microsoft.com/developer/msbuild/2003">
  <ItemGroup>
    <Filter Include="Assets">
      <UniqueIdentifier>d6d27eff-6efd-4cdf-9154-377ac3856a6b</UniqueIdentifier>
      <Extensions>bmp;fbx;gif;jpg;jpeg;tga;tiff;tif;png</Extensions>
    </Filter>
    <Filter Include="Common">
      <UniqueIdentifier>{a6fce137-2822-4f7a-8593-eff13050174b}</UniqueIdentifier>
    </Filter>
    <Filter Include="DirectXTex">
      <UniqueIdentifier>{4dd4e189-cc32-4255-a36d-fd664194d72c}</UniqueIdentifier>
    </Filter>
    <Filter Include="RenderEffects">
      <UniqueIdentifier>{2696d988-fd48-43de-b313-d0320f662368}</UniqueIdentifier>
    </Filter>
  </ItemGroup>
  <ItemGroup>
    <ApplicationDefinition Include="App.xaml" />
  </ItemGroup>
  <ItemGroup>
    <ClCompile Include="App.xaml.cpp" />
    <ClCompile Include="DirectXPage.xaml.cpp" />
    <ClCompile Include="pch.cpp" />
    <ClCompile Include="BasicReaderWriter.cpp">
      <Filter>Common</Filter>
    </ClCompile>
    <ClCompile Include="DeviceResources.cpp">
      <Filter>Common</Filter>
    </ClCompile>
    <ClCompile Include="D2DAdvancedColorImagesRenderer.cpp" />
    <ClCompile Include="SdrOverlayEffect.cpp">
      <Filter>RenderEffects</Filter>
    </ClCompile>
    <ClCompile Include="LuminanceHeatmapEffect.cpp">
      <Filter>RenderEffects</Filter>
    </ClCompile>
    <ClCompile Include="DirectXTex\DirectXTexEXR.cpp">
      <Filter>DirectXTex</Filter>
    </ClCompile>
    <ClCompile Include="SphereMapEffect.cpp">
      <Filter>RenderEffects</Filter>
    </ClCompile>
    <ClCompile Include="SimpleTonemapEffect.cpp">
      <Filter>RenderEffects</Filter>
    </ClCompile>
  </ItemGroup>
  <ItemGroup>
    <ClInclude Include="App.xaml.h" />
    <ClInclude Include="DirectXPage.xaml.h" />
    <ClInclude Include="pch.h" />
    <ClInclude Include="BasicReaderWriter.h">
      <Filter>Common</Filter>
    </ClInclude>
    <ClInclude Include="DeviceResources.h">
      <Filter>Common</Filter>
    </ClInclude>
    <ClInclude Include="DirectXHelper.h">
      <Filter>Common</Filter>
    </ClInclude>
    <ClInclude Include="D2DAdvancedColorImagesRenderer.h" />
    <ClInclude Include="RenderOptions.h" />
    <ClInclude Include="SdrOverlayEffect.h">
      <Filter>RenderEffects</Filter>
    </ClInclude>
    <ClInclude Include="LuminanceHeatmapEffect.h">
      <Filter>RenderEffects</Filter>
    </ClInclude>
    <ClInclude Include="DirectXTex\DirectXTexEXR.h">
      <Filter>DirectXTex</Filter>
    </ClInclude>
    <ClInclude Include="SphereMapEffect.h">
      <Filter>RenderEffects</Filter>
    </ClInclude>
    <ClInclude Include="SdrBrightnessFormatter.h" />
    <ClInclude Include="SimpleTonemapEffect.h">
      <Filter>RenderEffects</Filter>
    </ClInclude>
  </ItemGroup>
  <ItemGroup>
    <AppxManifest Include="Package.appxmanifest" />
  </ItemGroup>
  <ItemGroup>
    <Page Include="DirectXPage.xaml" />
  </ItemGroup>
  <ItemGroup>
    <Image Include="Assets\SmallTile.scale-100.png">
      <Filter>Assets</Filter>
    </Image>
    <Image Include="Assets\SmallTile.scale-125.png">
      <Filter>Assets</Filter>
    </Image>
    <Image Include="Assets\SmallTile.scale-150.png">
      <Filter>Assets</Filter>
    </Image>
    <Image Include="Assets\SmallTile.scale-200.png">
      <Filter>Assets</Filter>
    </Image>
    <Image Include="Assets\SmallTile.scale-400.png">
      <Filter>Assets</Filter>
    </Image>
    <Image Include="Assets\squaretile-sdk.scale-100.png">
      <Filter>Assets</Filter>
    </Image>
    <Image Include="Assets\squaretile-sdk.scale-125.png">
      <Filter>Assets</Filter>
    </Image>
    <Image Include="Assets\squaretile-sdk.scale-150.png">
      <Filter>Assets</Filter>
    </Image>
    <Image Include="Assets\squaretile-sdk.scale-200.png">
      <Filter>Assets</Filter>
    </Image>
    <Image Include="Assets\squaretile-sdk.scale-400.png">
      <Filter>Assets</Filter>
    </Image>
    <Image Include="Assets\smalltile-sdk.scale-100.png">
      <Filter>Assets</Filter>
    </Image>
    <Image Include="Assets\smalltile-sdk.scale-125.png">
      <Filter>Assets</Filter>
    </Image>
    <Image Include="Assets\smalltile-sdk.scale-150.png">
      <Filter>Assets</Filter>
    </Image>
    <Image Include="Assets\smalltile-sdk.scale-200.png">
      <Filter>Assets</Filter>
    </Image>
    <Image Include="Assets\smalltile-sdk.scale-400.png">
      <Filter>Assets</Filter>
    </Image>
    <Image Include="Assets\smalltile-sdk.targetsize-16.png">
      <Filter>Assets</Filter>
    </Image>
    <Image Include="Assets\smalltile-sdk.targetsize-24.png">
      <Filter>Assets</Filter>
    </Image>
    <Image Include="Assets\smalltile-sdk.targetsize-32.png">
      <Filter>Assets</Filter>
    </Image>
    <Image Include="Assets\smalltile-sdk.targetsize-48.png">
      <Filter>Assets</Filter>
    </Image>
    <Image Include="Assets\smalltile-sdk.targetsize-256.png">
      <Filter>Assets</Filter>
    </Image>
    <Image Include="Assets\smalltile-sdk.altform-unplated_targetsize-16.png">
      <Filter>Assets</Filter>
    </Image>
    <Image Include="Assets\smalltile-sdk.altform-unplated_targetsize-24.png">
      <Filter>Assets</Filter>
    </Image>
    <Image Include="Assets\smalltile-sdk.altform-unplated_targetsize-32.png">
      <Filter>Assets</Filter>
    </Image>
    <Image Include="Assets\smalltile-sdk.altform-unplated_targetsize-48.png">
      <Filter>Assets</Filter>
    </Image>
    <Image Include="Assets\smalltile-sdk.altform-unplated_targetsize-256.png">
      <Filter>Assets</Filter>
    </Image>
    <Image Include="Assets\splash-sdk.scale-100.png">
      <Filter>Assets</Filter>
    </Image>
    <Image Include="Assets\splash-sdk.scale-125.png">
      <Filter>Assets</Filter>
    </Image>
    <Image Include="Assets\splash-sdk.scale-150.png">
      <Filter>Assets</Filter>
    </Image>
    <Image Include="Assets\splash-sdk.scale-200.png">
      <Filter>Assets</Filter>
    </Image>
    <Image Include="Assets\splash-sdk.scale-400.png">
      <Filter>Assets</Filter>
    </Image>
    <Image Include="Assets\StoreLogo-sdk.scale-100.png">
      <Filter>Assets</Filter>
    </Image>
    <Image Include="Assets\StoreLogo-sdk.scale-125.png">
      <Filter>Assets</Filter>
    </Image>
    <Image Include="Assets\StoreLogo-sdk.scale-150.png">
      <Filter>Assets</Filter>
    </Image>
    <Image Include="Assets\StoreLogo-sdk.scale-200.png">
      <Filter>Assets</Filter>
    </Image>
    <Image Include="Assets\StoreLogo-sdk.scale-400.png">
      <Filter>Assets</Filter>
    </Image>
  </ItemGroup>
  <ItemGroup>
    <Text Include="SdrOverlayEffect.hlsl">
      <Filter>RenderEffects</Filter>
    </Text>
    <Text Include="LuminanceHeatmapEffect.hlsl">
      <Filter>RenderEffects</Filter>
    </Text>
    <Text Include="SphereMapEffect.hlsl">
      <Filter>RenderEffects</Filter>
    </Text>
    <Text Include="SimpleTonemapEffect.hlsl">
      <Filter>RenderEffects</Filter>
    </Text>
  </ItemGroup>
  <ItemGroup>
    <None Include="packages.config" />
    <None Include="Package.StoreAssociation.xml" />
    <None Include="D2DAdvancedColorImages_StoreKey.pfx" />
  </ItemGroup>
</Project>