<?xml version="1.0" encoding="utf-8"?>
<Project ToolsVersion="15.0" xmlns="http://schemas.microsoft.com/developer/msbuild/2003">
  <ItemGroup>
    <Filter Include="Common">
      <UniqueIdentifier>36d84a0a-18fb-43b0-9e44-0f1e252e7057</UniqueIdentifier>
    </Filter>
    <Filter Include="Assets">
      <UniqueIdentifier>f3dcdcac-5f4b-4304-8018-55917e13535a</UniqueIdentifier>
      <Extensions>bmp;fbx;gif;jpg;jpeg;tga;tiff;tif;png</Extensions>
    </Filter>
    <Filter Include="TestInputs">
      <UniqueIdentifier>{dd268937-ee88-4fc9-aca6-6659c6849568}</UniqueIdentifier>
    </Filter>
  </ItemGroup>
  <ItemGroup>
    <ApplicationDefinition Include="UnitTestApp.xaml" />
  </ItemGroup>
  <ItemGroup>
    <ClCompile Include="UnitTestApp.xaml.cpp" />
    <ClCompile Include="UnitTest.cpp" />
    <ClCompile Include="pch.cpp" />
  </ItemGroup>
  <ItemGroup>
    <ClInclude Include="pch.h" />
    <ClInclude Include="UnitTestApp.xaml.h" />
  </ItemGroup>
  <ItemGroup>
    <Xml Include="UnitTestApp.rd.xml" />
  </ItemGroup>
  <ItemGroup>
    <Image Include="Assets\LockScreenLogo.scale-200.png">
      <Filter>Assets</Filter>
    </Image>
    <Image Include="Assets\SplashScreen.scale-200.png">
      <Filter>Assets</Filter>
    </Image>
    <Image Include="Assets\Square44x44Logo.scale-200.png">
      <Filter>Assets</Filter>
    </Image>
    <Image Include="Assets\Square44x44Logo.targetsize-24_altform-unplated.png">
      <Filter>Assets</Filter>
    </Image>
    <Image Include="Assets\Square150x150Logo.scale-200.png">
      <Filter>Assets</Filter>
    </Image>
    <Image Include="Assets\StoreLogo.png">
      <Filter>Assets</Filter>
    </Image>
    <Image Include="Assets\Wide310x150Logo.scale-200.png">
      <Filter>Assets</Filter>
    </Image>
    <Image Include="TestInputs\Jpg_ProPhotoIcc.jpg">
      <Filter>TestInputs</Filter>
    </Image>
    <Image Include="TestInputs\Png_BasicSrgbColors_5x5.png">
      <Filter>TestInputs</Filter>
    </Image>
    <Image Include="TestInputs\Tif_16bpcArgbIcc.tif">
      <Filter>TestInputs</Filter>
    </Image>
  </ItemGroup>
  <ItemGroup>
    <AppxManifest Include="Package.appxmanifest" />
  </ItemGroup>
  <ItemGroup>
    <None Include="UnitTests_TemporaryKey.pfx" />
    <None Include="packages.config" />
    <None Include="TestInputs\Jxr_HdrRuler.jxr">
      <Filter>TestInputs</Filter>
    </None>
    <None Include="TestInputs\Jxr_HdrScene.jxr">
      <Filter>TestInputs</Filter>
    </None>
    <None Include="TestInputs\Jxr_HdrWithIcc.jxr">
      <Filter>TestInputs</Filter>
    </None>
    <None Include="TestInputs\Jxr_HdrXboxOne_1025px.jxr">
      <Filter>TestInputs</Filter>
    </None>
  </ItemGroup>
</Project>